
Microsoft Visual Studio Solution File, Format Version 12.00
# Visual Studio Version 16
VisualStudioVersion = 16.0.31402.337
MinimumVisualStudioVersion = 10.0.40219.1
Project("{9A19103F-16F7-4668-BE54-9A1E7A4F7556}") = "ManageBooks", "ManageBooks\ManageBooks.csproj", "{93AF8033-186F-40B6-8FAD-1EFC9D97242D}"
EndProject
Project("{FAE04EC0-301F-11D3-BF4B-00C04F79EFBC}") = "Books_Api", "Books_Api\Books_Api.csproj", "{FADF5C13-CA1F-46F3-AB95-3998C3985EC1}"
EndProject
Global
	GlobalSection(SolutionConfigurationPlatforms) = preSolution
		Debug|Any CPU = Debug|Any CPU
		Release|Any CPU = Release|Any CPU
	EndGlobalSection
	GlobalSection(ProjectConfigurationPlatforms) = postSolution
		{93AF8033-186F-40B6-8FAD-1EFC9D97242D}.Debug|Any CPU.ActiveCfg = Debug|Any CPU
		{93AF8033-186F-40B6-8FAD-1EFC9D97242D}.Debug|Any CPU.Build.0 = Debug|Any CPU
		{93AF8033-186F-40B6-8FAD-1EFC9D97242D}.Release|Any CPU.ActiveCfg = Release|Any CPU
		{93AF8033-186F-40B6-8FAD-1EFC9D97242D}.Release|Any CPU.Build.0 = Release|Any CPU
		{FADF5C13-CA1F-46F3-AB95-3998C3985EC1}.Debug|Any CPU.ActiveCfg = Debug|Any CPU
		{FADF5C13-CA1F-46F3-AB95-3998C3985EC1}.Debug|Any CPU.Build.0 = Debug|Any CPU
		{FADF5C13-CA1F-46F3-AB95-3998C3985EC1}.Release|Any CPU.ActiveCfg = Release|Any CPU
		{FADF5C13-CA1F-46F3-AB95-3998C3985EC1}.Release|Any CPU.Build.0 = Release|Any CPU
	EndGlobalSection
	GlobalSection(SolutionProperties) = preSolution
		HideSolutionNode = FALSE
	EndGlobalSection
	GlobalSection(ExtensibilityGlobals) = postSolution
		SolutionGuid = {D6BFAE7A-04B5-4855-8D25-ABDFC5773053}
	EndGlobalSection
EndGlobal
